
Microsoft Visual Studio Solution File, Format Version 12.00
# Visual Studio Version 16
VisualStudioVersion = 16.0.29009.5
MinimumVisualStudioVersion = 10.0.40219.1
Project("{FAE04EC0-301F-11D3-BF4B-00C04F79EFBC}") = "Odor.Android", "Odor\Odor.Android\Odor.Android.csproj", "{F8D3CE34-5104-4C99-9B8E-337D1FA26241}"
EndProject
Project("{9A19103F-16F7-4668-BE54-9A1E7A4F7556}") = "Odor", "Odor\Odor\Odor.csproj", "{96BD17D3-FD5B-460F-BAAF-75E9F18FD538}"
EndProject
Project("{2150E333-8FDC-42A3-9474-1A3956D46DE8}") = "Firebase", "Firebase", "{A67D3DD2-374B-43D6-9856-DEE46D40A4C3}"
	ProjectSection(SolutionItems) = preProject
		Firebase\.firebaserc = Firebase\.firebaserc
		Firebase\firebase.json = Firebase\firebase.json
	EndProjectSection
EndProject
Project("{2150E333-8FDC-42A3-9474-1A3956D46DE8}") = "public", "public", "{6D6BF31F-5581-416F-9697-8182CAA0A7C9}"
	ProjectSection(SolutionItems) = preProject
		Firebase\public\index.html = Firebase\public\index.html
	EndProjectSection
EndProject
Project("{2150E333-8FDC-42A3-9474-1A3956D46DE8}") = "src", "src", "{96385BB4-0BE8-41BE-9B6C-22ACC4ACB5BE}"
	ProjectSection(SolutionItems) = preProject
		Firebase\public\index.html = Firebase\public\index.html
	EndProjectSection
EndProject
Global
	GlobalSection(SolutionConfigurationPlatforms) = preSolution
		Debug|Any CPU = Debug|Any CPU
		Release|Any CPU = Release|Any CPU
	EndGlobalSection
	GlobalSection(ProjectConfigurationPlatforms) = postSolution
		{F8D3CE34-5104-4C99-9B8E-337D1FA26241}.Debug|Any CPU.ActiveCfg = Debug|Any CPU
		{F8D3CE34-5104-4C99-9B8E-337D1FA26241}.Debug|Any CPU.Build.0 = Debug|Any CPU
		{F8D3CE34-5104-4C99-9B8E-337D1FA26241}.Debug|Any CPU.Deploy.0 = Debug|Any CPU
		{F8D3CE34-5104-4C99-9B8E-337D1FA26241}.Release|Any CPU.ActiveCfg = Release|Any CPU
		{F8D3CE34-5104-4C99-9B8E-337D1FA26241}.Release|Any CPU.Build.0 = Release|Any CPU
		{F8D3CE34-5104-4C99-9B8E-337D1FA26241}.Release|Any CPU.Deploy.0 = Release|Any CPU
		{96BD17D3-FD5B-460F-BAAF-75E9F18FD538}.Debug|Any CPU.ActiveCfg = Debug|Any CPU
		{96BD17D3-FD5B-460F-BAAF-75E9F18FD538}.Debug|Any CPU.Build.0 = Debug|Any CPU
		{96BD17D3-FD5B-460F-BAAF-75E9F18FD538}.Release|Any CPU.ActiveCfg = Release|Any CPU
		{96BD17D3-FD5B-460F-BAAF-75E9F18FD538}.Release|Any CPU.Build.0 = Release|Any CPU
	EndGlobalSection
	GlobalSection(SolutionProperties) = preSolution
		HideSolutionNode = FALSE
	EndGlobalSection
	GlobalSection(NestedProjects) = preSolution
		{6D6BF31F-5581-416F-9697-8182CAA0A7C9} = {A67D3DD2-374B-43D6-9856-DEE46D40A4C3}
		{96385BB4-0BE8-41BE-9B6C-22ACC4ACB5BE} = {A67D3DD2-374B-43D6-9856-DEE46D40A4C3}
	EndGlobalSection
	GlobalSection(ExtensibilityGlobals) = postSolution
		SolutionGuid = {2E93B53C-7825-4C64-AC32-5D68B3EDBB56}
	EndGlobalSection
EndGlobal
